{
  "name": "dz",
  "lockfileVersion": 3,
  "requires": true,
  "packages": {
    "": {
      "dependencies": {
        "max_generate_pass": "^1.0.0"
      }
    },
    "node_modules/max_generate_pass": {
      "version": "1.0.0",
      "resolved": "https://registry.npmjs.org/max_generate_pass/-/max_generate_pass-1.0.0.tgz",
      "integrity": "sha512-p2857GgeD2gWfz8zpBj1PcZlBIUR2L7inXIT5EF3ht0hEQuWOEm7M8OtghnPUOFLIL/vSJbalOCwpGMuP9HFDQ=="
    }
  }
}
